
Microsoft Visual Studio Solution File, Format Version 12.00
Project("{FAE04EC0-301F-11D3-BF4B-00C04F79EFBC}") = "NinjaOne-Api.Library", "NinjaOne-Api.Library\NinjaOne-Api.Library.csproj", "{1108DC0B-B88E-49A8-A517-F3ED89FA467D}"
EndProject
Global
	GlobalSection(SolutionConfigurationPlatforms) = preSolution
		Debug|Any CPU = Debug|Any CPU
		Release|Any CPU = Release|Any CPU
	EndGlobalSection
	GlobalSection(ProjectConfigurationPlatforms) = postSolution
		{1108DC0B-B88E-49A8-A517-F3ED89FA467D}.Debug|Any CPU.ActiveCfg = Debug|Any CPU
		{1108DC0B-B88E-49A8-A517-F3ED89FA467D}.Debug|Any CPU.Build.0 = Debug|Any CPU
		{1108DC0B-B88E-49A8-A517-F3ED89FA467D}.Release|Any CPU.ActiveCfg = Release|Any CPU
		{1108DC0B-B88E-49A8-A517-F3ED89FA467D}.Release|Any CPU.Build.0 = Release|Any CPU
	EndGlobalSection
EndGlobal
